
Microsoft Visual Studio Solution File, Format Version 12.00
# Visual Studio 15
Project("{FAE04EC0-301F-11D3-BF4B-00C04F79EFBC}") = "MoreMountains.Feedbacks", "MoreMountains.Feedbacks.csproj", "{1843B939-EE72-89A8-3D5D-C960B2478A05}"
EndProject
Project("{FAE04EC0-301F-11D3-BF4B-00C04F79EFBC}") = "sc.stylizedwater2.runtime", "sc.stylizedwater2.runtime.csproj", "{CB1E428E-AE8D-E0F7-045D-C6B2D5BB55CD}"
EndProject
Project("{FAE04EC0-301F-11D3-BF4B-00C04F79EFBC}") = "sc.stylizedwater2.editor", "sc.stylizedwater2.editor.csproj", "{47039926-D778-0BBE-6C1D-F90647F5B741}"
EndProject
Project("{FAE04EC0-301F-11D3-BF4B-00C04F79EFBC}") = "MoreMountains.Tools", "MoreMountains.Tools.csproj", "{B8BDAAA3-ADB5-7303-A276-ACB695584EB8}"
EndProject
Project("{FAE04EC0-301F-11D3-BF4B-00C04F79EFBC}") = "MoreMountains.Feedbacks.Editor", "MoreMountains.Feedbacks.Editor.csproj", "{97BFFE25-CFB3-E917-D11F-6C98A1CECCD6}"
EndProject
Project("{FAE04EC0-301F-11D3-BF4B-00C04F79EFBC}") = "MoreMountains.Tools.Editor", "MoreMountains.Tools.Editor.csproj", "{17D55599-0F47-B0B2-8410-90A1820F9F2B}"
EndProject
Project("{FAE04EC0-301F-11D3-BF4B-00C04F79EFBC}") = "MoreMountains.Feedbacks.TextMeshPro", "MoreMountains.Feedbacks.TextMeshPro.csproj", "{217E9040-DFDA-7540-D58F-7AC5BB264655}"
EndProject
Project("{FAE04EC0-301F-11D3-BF4B-00C04F79EFBC}") = "MoreMountains.Feedbacks.HDRP", "MoreMountains.Feedbacks.HDRP.csproj", "{E19D6C00-BB22-5C90-B614-437B6DF6499B}"
EndProject
Project("{FAE04EC0-301F-11D3-BF4B-00C04F79EFBC}") = "MoreMountains.Feedbacks.PostProcessing", "MoreMountains.Feedbacks.PostProcessing.csproj", "{0BC5E018-886F-2A9C-2B28-CD30F5CB26CC}"
EndProject
Project("{FAE04EC0-301F-11D3-BF4B-00C04F79EFBC}") = "MoreMountains.Feedbacks.URP", "MoreMountains.Feedbacks.URP.csproj", "{DB6E32BA-2F1B-4EE6-4C46-011C0E1F1692}"
EndProject
Project("{FAE04EC0-301F-11D3-BF4B-00C04F79EFBC}") = "Assembly-CSharp", "Assembly-CSharp.csproj", "{5DB9475A-846A-E057-A5A0-65B5E4093AE1}"
EndProject
Project("{FAE04EC0-301F-11D3-BF4B-00C04F79EFBC}") = "MoreMountains.Feedbacks.MMTools", "MoreMountains.Feedbacks.MMTools.csproj", "{4A96D960-95ED-9F0F-CC31-69464F16D517}"
EndProject
Project("{FAE04EC0-301F-11D3-BF4B-00C04F79EFBC}") = "sc.stylizedgrass.runtime", "sc.stylizedgrass.runtime.csproj", "{F0DD5421-7643-0B08-3225-EA501D1010BF}"
EndProject
Project("{FAE04EC0-301F-11D3-BF4B-00C04F79EFBC}") = "Lofelt.NiceVibrations", "Lofelt.NiceVibrations.csproj", "{A0C7BC27-4A52-1366-A8E2-2F73531B8A5E}"
EndProject
Project("{FAE04EC0-301F-11D3-BF4B-00C04F79EFBC}") = "sc.stylizedgrass.editor", "sc.stylizedgrass.editor.csproj", "{94CEF7BD-0B9C-F5CE-A805-D963FACB8B54}"
EndProject
Project("{FAE04EC0-301F-11D3-BF4B-00C04F79EFBC}") = "Lofelt.NiceVibrations.Demo", "Lofelt.NiceVibrations.Demo.csproj", "{17EB1CAE-3F86-18D3-AB8B-0B5A69F7A136}"
EndProject
Project("{FAE04EC0-301F-11D3-BF4B-00C04F79EFBC}") = "MoreMountains.Feedbacks.Cinemachine", "MoreMountains.Feedbacks.Cinemachine.csproj", "{CFE3ED17-6846-9746-7210-D0C0E6BF7400}"
EndProject
Project("{FAE04EC0-301F-11D3-BF4B-00C04F79EFBC}") = "Assembly-CSharp-firstpass", "Assembly-CSharp-firstpass.csproj", "{C593E8A2-AE74-93DD-2E87-E55999421DFD}"
EndProject
Project("{FAE04EC0-301F-11D3-BF4B-00C04F79EFBC}") = "sc.stylizedgrass.demo.runtime", "sc.stylizedgrass.demo.runtime.csproj", "{5508B7E4-96C2-FB53-AEF6-865735F2E5A9}"
EndProject
Project("{FAE04EC0-301F-11D3-BF4B-00C04F79EFBC}") = "MoreMountains.Feedbacks.NiceVibrations", "MoreMountains.Feedbacks.NiceVibrations.csproj", "{C1AFDE26-C459-D965-0CDF-4EF388485182}"
EndProject
Project("{FAE04EC0-301F-11D3-BF4B-00C04F79EFBC}") = "Assembly-CSharp-Editor", "Assembly-CSharp-Editor.csproj", "{85B0C4D2-ADC5-5682-AC60-546C1C2FB955}"
EndProject
Project("{FAE04EC0-301F-11D3-BF4B-00C04F79EFBC}") = "MoreMountains.Feedbacks.Authorizations", "MoreMountains.Feedbacks.Authorizations.csproj", "{322AA653-CDAC-10F9-171D-BCD4F5AFBE8D}"
EndProject
Project("{FAE04EC0-301F-11D3-BF4B-00C04F79EFBC}") = "Lofelt.NiceVibrations.Editor", "Lofelt.NiceVibrations.Editor.csproj", "{7A3F58F0-2C27-D531-21AB-6B9C5D9867C8}"
EndProject
Project("{FAE04EC0-301F-11D3-BF4B-00C04F79EFBC}") = "Assembly-CSharp-Editor-firstpass", "Assembly-CSharp-Editor-firstpass.csproj", "{CD42BDB2-C84B-2531-DBA3-34764DE26EC6}"
EndProject
Global
	GlobalSection(SolutionConfigurationPlatforms) = preSolution
		Debug|Any CPU = Debug|Any CPU
		Release|Any CPU = Release|Any CPU
	EndGlobalSection
	GlobalSection(ProjectConfigurationPlatforms) = postSolution
		{1843B939-EE72-89A8-3D5D-C960B2478A05}.Debug|Any CPU.ActiveCfg = Debug|Any CPU
		{1843B939-EE72-89A8-3D5D-C960B2478A05}.Debug|Any CPU.Build.0 = Debug|Any CPU
		{1843B939-EE72-89A8-3D5D-C960B2478A05}.Release|Any CPU.ActiveCfg = Release|Any CPU
		{1843B939-EE72-89A8-3D5D-C960B2478A05}.Release|Any CPU.Build.0 = Release|Any CPU
		{CB1E428E-AE8D-E0F7-045D-C6B2D5BB55CD}.Debug|Any CPU.ActiveCfg = Debug|Any CPU
		{CB1E428E-AE8D-E0F7-045D-C6B2D5BB55CD}.Debug|Any CPU.Build.0 = Debug|Any CPU
		{CB1E428E-AE8D-E0F7-045D-C6B2D5BB55CD}.Release|Any CPU.ActiveCfg = Release|Any CPU
		{CB1E428E-AE8D-E0F7-045D-C6B2D5BB55CD}.Release|Any CPU.Build.0 = Release|Any CPU
		{47039926-D778-0BBE-6C1D-F90647F5B741}.Debug|Any CPU.ActiveCfg = Debug|Any CPU
		{47039926-D778-0BBE-6C1D-F90647F5B741}.Debug|Any CPU.Build.0 = Debug|Any CPU
		{47039926-D778-0BBE-6C1D-F90647F5B741}.Release|Any CPU.ActiveCfg = Release|Any CPU
		{47039926-D778-0BBE-6C1D-F90647F5B741}.Release|Any CPU.Build.0 = Release|Any CPU
		{B8BDAAA3-ADB5-7303-A276-ACB695584EB8}.Debug|Any CPU.ActiveCfg = Debug|Any CPU
		{B8BDAAA3-ADB5-7303-A276-ACB695584EB8}.Debug|Any CPU.Build.0 = Debug|Any CPU
		{B8BDAAA3-ADB5-7303-A276-ACB695584EB8}.Release|Any CPU.ActiveCfg = Release|Any CPU
		{B8BDAAA3-ADB5-7303-A276-ACB695584EB8}.Release|Any CPU.Build.0 = Release|Any CPU
		{97BFFE25-CFB3-E917-D11F-6C98A1CECCD6}.Debug|Any CPU.ActiveCfg = Debug|Any CPU
		{97BFFE25-CFB3-E917-D11F-6C98A1CECCD6}.Debug|Any CPU.Build.0 = Debug|Any CPU
		{97BFFE25-CFB3-E917-D11F-6C98A1CECCD6}.Release|Any CPU.ActiveCfg = Release|Any CPU
		{97BFFE25-CFB3-E917-D11F-6C98A1CECCD6}.Release|Any CPU.Build.0 = Release|Any CPU
		{17D55599-0F47-B0B2-8410-90A1820F9F2B}.Debug|Any CPU.ActiveCfg = Debug|Any CPU
		{17D55599-0F47-B0B2-8410-90A1820F9F2B}.Debug|Any CPU.Build.0 = Debug|Any CPU
		{17D55599-0F47-B0B2-8410-90A1820F9F2B}.Release|Any CPU.ActiveCfg = Release|Any CPU
		{17D55599-0F47-B0B2-8410-90A1820F9F2B}.Release|Any CPU.Build.0 = Release|Any CPU
		{217E9040-DFDA-7540-D58F-7AC5BB264655}.Debug|Any CPU.ActiveCfg = Debug|Any CPU
		{217E9040-DFDA-7540-D58F-7AC5BB264655}.Debug|Any CPU.Build.0 = Debug|Any CPU
		{217E9040-DFDA-7540-D58F-7AC5BB264655}.Release|Any CPU.ActiveCfg = Release|Any CPU
		{217E9040-DFDA-7540-D58F-7AC5BB264655}.Release|Any CPU.Build.0 = Release|Any CPU
		{E19D6C00-BB22-5C90-B614-437B6DF6499B}.Debug|Any CPU.ActiveCfg = Debug|Any CPU
		{E19D6C00-BB22-5C90-B614-437B6DF6499B}.Debug|Any CPU.Build.0 = Debug|Any CPU
		{E19D6C00-BB22-5C90-B614-437B6DF6499B}.Release|Any CPU.ActiveCfg = Release|Any CPU
		{E19D6C00-BB22-5C90-B614-437B6DF6499B}.Release|Any CPU.Build.0 = Release|Any CPU
		{0BC5E018-886F-2A9C-2B28-CD30F5CB26CC}.Debug|Any CPU.ActiveCfg = Debug|Any CPU
		{0BC5E018-886F-2A9C-2B28-CD30F5CB26CC}.Debug|Any CPU.Build.0 = Debug|Any CPU
		{0BC5E018-886F-2A9C-2B28-CD30F5CB26CC}.Release|Any CPU.ActiveCfg = Release|Any CPU
		{0BC5E018-886F-2A9C-2B28-CD30F5CB26CC}.Release|Any CPU.Build.0 = Release|Any CPU
		{DB6E32BA-2F1B-4EE6-4C46-011C0E1F1692}.Debug|Any CPU.ActiveCfg = Debug|Any CPU
		{DB6E32BA-2F1B-4EE6-4C46-011C0E1F1692}.Debug|Any CPU.Build.0 = Debug|Any CPU
		{DB6E32BA-2F1B-4EE6-4C46-011C0E1F1692}.Release|Any CPU.ActiveCfg = Release|Any CPU
		{DB6E32BA-2F1B-4EE6-4C46-011C0E1F1692}.Release|Any CPU.Build.0 = Release|Any CPU
		{5DB9475A-846A-E057-A5A0-65B5E4093AE1}.Debug|Any CPU.ActiveCfg = Debug|Any CPU
		{5DB9475A-846A-E057-A5A0-65B5E4093AE1}.Debug|Any CPU.Build.0 = Debug|Any CPU
		{5DB9475A-846A-E057-A5A0-65B5E4093AE1}.Release|Any CPU.ActiveCfg = Release|Any CPU
		{5DB9475A-846A-E057-A5A0-65B5E4093AE1}.Release|Any CPU.Build.0 = Release|Any CPU
		{4A96D960-95ED-9F0F-CC31-69464F16D517}.Debug|Any CPU.ActiveCfg = Debug|Any CPU
		{4A96D960-95ED-9F0F-CC31-69464F16D517}.Debug|Any CPU.Build.0 = Debug|Any CPU
		{4A96D960-95ED-9F0F-CC31-69464F16D517}.Release|Any CPU.ActiveCfg = Release|Any CPU
		{4A96D960-95ED-9F0F-CC31-69464F16D517}.Release|Any CPU.Build.0 = Release|Any CPU
		{F0DD5421-7643-0B08-3225-EA501D1010BF}.Debug|Any CPU.ActiveCfg = Debug|Any CPU
		{F0DD5421-7643-0B08-3225-EA501D1010BF}.Debug|Any CPU.Build.0 = Debug|Any CPU
		{F0DD5421-7643-0B08-3225-EA501D1010BF}.Release|Any CPU.ActiveCfg = Release|Any CPU
		{F0DD5421-7643-0B08-3225-EA501D1010BF}.Release|Any CPU.Build.0 = Release|Any CPU
		{A0C7BC27-4A52-1366-A8E2-2F73531B8A5E}.Debug|Any CPU.ActiveCfg = Debug|Any CPU
		{A0C7BC27-4A52-1366-A8E2-2F73531B8A5E}.Debug|Any CPU.Build.0 = Debug|Any CPU
		{A0C7BC27-4A52-1366-A8E2-2F73531B8A5E}.Release|Any CPU.ActiveCfg = Release|Any CPU
		{A0C7BC27-4A52-1366-A8E2-2F73531B8A5E}.Release|Any CPU.Build.0 = Release|Any CPU
		{94CEF7BD-0B9C-F5CE-A805-D963FACB8B54}.Debug|Any CPU.ActiveCfg = Debug|Any CPU
		{94CEF7BD-0B9C-F5CE-A805-D963FACB8B54}.Debug|Any CPU.Build.0 = Debug|Any CPU
		{94CEF7BD-0B9C-F5CE-A805-D963FACB8B54}.Release|Any CPU.ActiveCfg = Release|Any CPU
		{94CEF7BD-0B9C-F5CE-A805-D963FACB8B54}.Release|Any CPU.Build.0 = Release|Any CPU
		{17EB1CAE-3F86-18D3-AB8B-0B5A69F7A136}.Debug|Any CPU.ActiveCfg = Debug|Any CPU
		{17EB1CAE-3F86-18D3-AB8B-0B5A69F7A136}.Debug|Any CPU.Build.0 = Debug|Any CPU
		{17EB1CAE-3F86-18D3-AB8B-0B5A69F7A136}.Release|Any CPU.ActiveCfg = Release|Any CPU
		{17EB1CAE-3F86-18D3-AB8B-0B5A69F7A136}.Release|Any CPU.Build.0 = Release|Any CPU
		{CFE3ED17-6846-9746-7210-D0C0E6BF7400}.Debug|Any CPU.ActiveCfg = Debug|Any CPU
		{CFE3ED17-6846-9746-7210-D0C0E6BF7400}.Debug|Any CPU.Build.0 = Debug|Any CPU
		{CFE3ED17-6846-9746-7210-D0C0E6BF7400}.Release|Any CPU.ActiveCfg = Release|Any CPU
		{CFE3ED17-6846-9746-7210-D0C0E6BF7400}.Release|Any CPU.Build.0 = Release|Any CPU
		{C593E8A2-AE74-93DD-2E87-E55999421DFD}.Debug|Any CPU.ActiveCfg = Debug|Any CPU
		{C593E8A2-AE74-93DD-2E87-E55999421DFD}.Debug|Any CPU.Build.0 = Debug|Any CPU
		{C593E8A2-AE74-93DD-2E87-E55999421DFD}.Release|Any CPU.ActiveCfg = Release|Any CPU
		{C593E8A2-AE74-93DD-2E87-E55999421DFD}.Release|Any CPU.Build.0 = Release|Any CPU
		{5508B7E4-96C2-FB53-AEF6-865735F2E5A9}.Debug|Any CPU.ActiveCfg = Debug|Any CPU
		{5508B7E4-96C2-FB53-AEF6-865735F2E5A9}.Debug|Any CPU.Build.0 = Debug|Any CPU
		{5508B7E4-96C2-FB53-AEF6-865735F2E5A9}.Release|Any CPU.ActiveCfg = Release|Any CPU
		{5508B7E4-96C2-FB53-AEF6-865735F2E5A9}.Release|Any CPU.Build.0 = Release|Any CPU
		{C1AFDE26-C459-D965-0CDF-4EF388485182}.Debug|Any CPU.ActiveCfg = Debug|Any CPU
		{C1AFDE26-C459-D965-0CDF-4EF388485182}.Debug|Any CPU.Build.0 = Debug|Any CPU
		{C1AFDE26-C459-D965-0CDF-4EF388485182}.Release|Any CPU.ActiveCfg = Release|Any CPU
		{C1AFDE26-C459-D965-0CDF-4EF388485182}.Release|Any CPU.Build.0 = Release|Any CPU
		{85B0C4D2-ADC5-5682-AC60-546C1C2FB955}.Debug|Any CPU.ActiveCfg = Debug|Any CPU
		{85B0C4D2-ADC5-5682-AC60-546C1C2FB955}.Debug|Any CPU.Build.0 = Debug|Any CPU
		{85B0C4D2-ADC5-5682-AC60-546C1C2FB955}.Release|Any CPU.ActiveCfg = Release|Any CPU
		{85B0C4D2-ADC5-5682-AC60-546C1C2FB955}.Release|Any CPU.Build.0 = Release|Any CPU
		{322AA653-CDAC-10F9-171D-BCD4F5AFBE8D}.Debug|Any CPU.ActiveCfg = Debug|Any CPU
		{322AA653-CDAC-10F9-171D-BCD4F5AFBE8D}.Debug|Any CPU.Build.0 = Debug|Any CPU
		{322AA653-CDAC-10F9-171D-BCD4F5AFBE8D}.Release|Any CPU.ActiveCfg = Release|Any CPU
		{322AA653-CDAC-10F9-171D-BCD4F5AFBE8D}.Release|Any CPU.Build.0 = Release|Any CPU
		{7A3F58F0-2C27-D531-21AB-6B9C5D9867C8}.Debug|Any CPU.ActiveCfg = Debug|Any CPU
		{7A3F58F0-2C27-D531-21AB-6B9C5D9867C8}.Debug|Any CPU.Build.0 = Debug|Any CPU
		{7A3F58F0-2C27-D531-21AB-6B9C5D9867C8}.Release|Any CPU.ActiveCfg = Release|Any CPU
		{7A3F58F0-2C27-D531-21AB-6B9C5D9867C8}.Release|Any CPU.Build.0 = Release|Any CPU
		{CD42BDB2-C84B-2531-DBA3-34764DE26EC6}.Debug|Any CPU.ActiveCfg = Debug|Any CPU
		{CD42BDB2-C84B-2531-DBA3-34764DE26EC6}.Debug|Any CPU.Build.0 = Debug|Any CPU
		{CD42BDB2-C84B-2531-DBA3-34764DE26EC6}.Release|Any CPU.ActiveCfg = Release|Any CPU
		{CD42BDB2-C84B-2531-DBA3-34764DE26EC6}.Release|Any CPU.Build.0 = Release|Any CPU
	EndGlobalSection
	GlobalSection(SolutionProperties) = preSolution
		HideSolutionNode = FALSE
	EndGlobalSection
EndGlobal
